{
  "name": "dsh-plugin-deepseek-pricing-ui",
  "version": "0.1.0",
  "lockfileVersion": 3,
  "requires": true,
  "packages": {
    "": {
      "name": "dsh-plugin-deepseek-pricing-ui",
      "version": "0.1.0",
      "license": "MIT",
      "dependencies": {
        "dsh-plugin-deepseek-pricing": "file:../dsh-plugin-deepseek-pricing"
      }
    },
    "../dsh-plugin-deepseek-pricing": {
      "version": "0.1.0",
      "license": "MIT",
      "dependencies": {
        "@deepseek-ai/dsh-tools": "^0.1.0-rc.6",
        "@deepseek-ai/schemastery": "^3.18.1"
      }
    },
    "node_modules/dsh-plugin-deepseek-pricing": {
      "resolved": "../dsh-plugin-deepseek-pricing",
      "link": true
    }
  }
}
